
Microsoft Visual Studio Solution File, Format Version 12.00
# Visual Studio 15
VisualStudioVersion = 15.0.27703.2035
MinimumVisualStudioVersion = 10.0.40219.1
Project("{FAE04EC0-301F-11D3-BF4B-00C04F79EFBC}") = "StartMenuCleanUp1.0", "StartMenuCleanUp1.0\StartMenuCleanUp1.0.csproj", "{67EDA444-4ACB-45A5-B84A-EA4EF8C5830E}"
EndProject
Project("{FAE04EC0-301F-11D3-BF4B-00C04F79EFBC}") = "Console", "ConsoleApp1\Console.csproj", "{BEF62FE1-26D8-4639-B1DF-2682E7D4E1D3}"
EndProject
Global
	GlobalSection(SolutionConfigurationPlatforms) = preSolution
		Debug|Any CPU = Debug|Any CPU
		Release|Any CPU = Release|Any CPU
	EndGlobalSection
	GlobalSection(ProjectConfigurationPlatforms) = postSolution
		{67EDA444-4ACB-45A5-B84A-EA4EF8C5830E}.Debug|Any CPU.ActiveCfg = Debug|Any CPU
		{67EDA444-4ACB-45A5-B84A-EA4EF8C5830E}.Debug|Any CPU.Build.0 = Debug|Any CPU
		{67EDA444-4ACB-45A5-B84A-EA4EF8C5830E}.Release|Any CPU.ActiveCfg = Release|Any CPU
		{67EDA444-4ACB-45A5-B84A-EA4EF8C5830E}.Release|Any CPU.Build.0 = Release|Any CPU
		{BEF62FE1-26D8-4639-B1DF-2682E7D4E1D3}.Debug|Any CPU.ActiveCfg = Debug|Any CPU
		{BEF62FE1-26D8-4639-B1DF-2682E7D4E1D3}.Debug|Any CPU.Build.0 = Debug|Any CPU
		{BEF62FE1-26D8-4639-B1DF-2682E7D4E1D3}.Release|Any CPU.ActiveCfg = Release|Any CPU
		{BEF62FE1-26D8-4639-B1DF-2682E7D4E1D3}.Release|Any CPU.Build.0 = Release|Any CPU
	EndGlobalSection
	GlobalSection(SolutionProperties) = preSolution
		HideSolutionNode = FALSE
	EndGlobalSection
	GlobalSection(ExtensibilityGlobals) = postSolution
		SolutionGuid = {1E578DD9-B04C-4D20-838E-EA9F6BBCEFF4}
	EndGlobalSection
EndGlobal
